
Microsoft Visual Studio Solution File, Format Version 12.00
# Visual Studio Version 16
VisualStudioVersion = 16.0.32510.428
MinimumVisualStudioVersion = 10.0.40219.1
Project("{FAE04EC0-301F-11D3-BF4B-00C04F79EFBC}") = "ztn1", "ztn1.csproj", "{0889DBBA-276C-4751-B56B-583DA0622EA9}"
EndProject
Global
	GlobalSection(SolutionConfigurationPlatforms) = preSolution
		Debug|Any CPU = Debug|Any CPU
		Release|Any CPU = Release|Any CPU
	EndGlobalSection
	GlobalSection(ProjectConfigurationPlatforms) = postSolution
		{0889DBBA-276C-4751-B56B-583DA0622EA9}.Debug|Any CPU.ActiveCfg = Debug|Any CPU
		{0889DBBA-276C-4751-B56B-583DA0622EA9}.Debug|Any CPU.Build.0 = Debug|Any CPU
		{0889DBBA-276C-4751-B56B-583DA0622EA9}.Release|Any CPU.ActiveCfg = Release|Any CPU
		{0889DBBA-276C-4751-B56B-583DA0622EA9}.Release|Any CPU.Build.0 = Release|Any CPU
	EndGlobalSection
	GlobalSection(SolutionProperties) = preSolution
		HideSolutionNode = FALSE
	EndGlobalSection
	GlobalSection(ExtensibilityGlobals) = postSolution
		SolutionGuid = {924C705C-971A-47EA-9585-B8DD030C519F}
	EndGlobalSection
EndGlobal
